// !$*UTF8*$!
{
	archiveVersion = 1;
	classes = {
	};
	objectVersion = 48;
	objects = {

/* Begin PBXBuildFile section */
		C302C00C1F9F300100880C98 /* AppDelegate.m in Sources */ = {isa = PBXBuildFile; fileRef = C302C00B1F9F300100880C98 /* AppDelegate.m */; };
		C302C00F1F9F300200880C98 /* ViewController.m in Sources */ = {isa = PBXBuildFile; fileRef = C302C00E1F9F300200880C98 /* ViewController.m */; };
		C302C0121F9F300200880C98 /* Main.storyboard in Resources */ = {isa = PBXBuildFile; fileRef = C302C0101F9F300200880C98 /* Main.storyboard */; };
		C302C0141F9F300300880C98 /* Assets.xcassets in Resources */ = {isa = PBXBuildFile; fileRef = C302C0131F9F300300880C98 /* Assets.xcassets */; };
		C302C0171F9F300300880C98 /* LaunchScreen.storyboard in Resources */ = {isa = PBXBuildFile; fileRef = C302C0151F9F300300880C98 /* LaunchScreen.storyboard */; };
		C302C01A1F9F300300880C98 /* main.m in Sources */ = {isa = PBXBuildFile; fileRef = C302C0191F9F300300880C98 /* main.m */; };
		C302C0241F9F300400880C98 /* tableView__cellTests.m in Sources */ = {isa = PBXBuildFile; fileRef = C302C0231F9F300400880C98 /* tableView__cellTests.m */; };
		C302C0301F9F35EA00880C98 /* TableViewController.m in Sources */ = {isa = PBXBuildFile; fileRef = C302C02F1F9F35EA00880C98 /* TableViewController.m */; };
/* End PBXBuildFile section */

/* Begin PBXContainerItemProxy section */
		C302C0201F9F300300880C98 /* PBXContainerItemProxy */ = {
			isa = PBXContainerItemProxy;
			containerPortal = C302BFFF1F9F300000880C98 /* Project object */;
			proxyType = 1;
			remoteGlobalIDString = C302C0061F9F300000880C98;
			remoteInfo = "tableView静态cell";
		};
/* End PBXContainerItemProxy section */

/* Begin PBXFileReference section */
		C302C0071F9F300000880C98 /* tableView静态cell.app */ = {isa = PBXFileReference; explicitFileType = wrapper.application; includeInIndex = 0; path = "tableView静态cell.app"; sourceTree = BUILT_PRODUCTS_DIR; };
		C302C00A1F9F300100880C98 /* AppDelegate.h */ = {isa = PBXFileReference; lastKnownFileType = sourcecode.c.h; path = AppDelegate.h; sourceTree = "<group>"; };
		C302C00B1F9F300100880C98 /* AppDelegate.m */ = {isa = PBXFileReference; lastKnownFileType = sourcecode.c.objc; path = AppDelegate.m; sourceTree = "<group>"; };
		C302C00D1F9F300200880C98 /* ViewController.h */ = {isa = PBXFileReference; lastKnownFileType = sourcecode.c.h; path = ViewController.h; sourceTree = "<group>"; };
		C302C00E1F9F300200880C98 /* ViewController.m */ = {isa = PBXFileReference; lastKnownFileType = sourcecode.c.objc; path = ViewController.m; sourceTree = "<group>"; };
		C302C0111F9F300200880C98 /* Base */ = {isa = PBXFileReference; lastKnownFileType = file.storyboard; name = Base; path = Base.lproj/Main.storyboard; sourceTree = "<group>"; };
		C302C0131F9F300300880C98 /* Assets.xcassets */ = {isa = PBXFileReference; lastKnownFileType = folder.assetcatalog; path = Assets.xcassets; sourceTree = "<group>"; };
		C302C0161F9F300300880C98 /* Base */ = {isa = PBXFileReference; lastKnownFileType = file.storyboard; name = Base; path = Base.lproj/LaunchScreen.storyboard; sourceTree = "<group>"; };
		C302C0181F9F300300880C98 /* Info.plist */ = {isa = PBXFileReference; lastKnownFileType = text.plist.xml; path = Info.plist; sourceTree = "<group>"; };
		C302C0191F9F300300880C98 /* main.m */ = {isa = PBXFileReference; lastKnownFileType = sourcecode.c.objc; path = main.m; sourceTree = "<group>"; };
		C302C01F1F9F300300880C98 /* tableView静态cellTests.xctest */ = {isa = PBXFileReference; explicitFileType = wrapper.cfbundle; includeInIndex = 0; path = "tableView静态cellTests.xctest"; sourceTree = BUILT_PRODUCTS_DIR; };
		C302C0231F9F300400880C98 /* tableView__cellTests.m */ = {isa = PBXFileReference; lastKnownFileType = sourcecode.c.objc; path = tableView__cellTests.m; sourceTree = "<group>"; };
		C302C0251F9F300400880C98 /* Info.plist */ = {isa = PBXFileReference; lastKnownFileType = text.plist.xml; path = Info.plist; sourceTree = "<group>"; };
		C302C02E1F9F35EA00880C98 /* TableViewController.h */ = {isa = PBXFileReference; lastKnownFileType = sourcecode.c.h; path = TableViewController.h; sourceTree = "<group>"; };
		C302C02F1F9F35EA00880C98 /* TableViewController.m */ = {isa = PBXFileReference; lastKnownFileType = sourcecode.c.objc; path = TableViewController.m; sourceTree = "<group>"; };
/* End PBXFileReference section */

/* Begin PBXFrameworksBuildPhase section */
		C302C0041F9F300000880C98 /* Frameworks */ = {
			isa = PBXFrameworksBuildPhase;
			buildActionMask = 2147483647;
			files = (
			);
			runOnlyForDeploymentPostprocessing = 0;
		};
		C302C01C1F9F300300880C98 /* Frameworks */ = {
			isa = PBXFrameworksBuildPhase;
			buildActionMask = 2147483647;
			files = (
			);
			runOnlyForDeploymentPostprocessing = 0;
		};
/* End PBXFrameworksBuildPhase section */

/* Begin PBXGroup section */
		C302BFFE1F9F300000880C98 = {
			isa = PBXGroup;
			children = (
				C302C0091F9F300000880C98 /* tableView静态cell */,
				C302C0221F9F300300880C98 /* tableView静态cellTests */,
				C302C0081F9F300000880C98 /* Products */,
			);
			sourceTree = "<group>";
		};
		C302C0081F9F300000880C98 /* Products */ = {
			isa = PBXGroup;
			children = (
				C302C0071F9F300000880C98 /* tableView静态cell.app */,
				C302C01F1F9F300300880C98 /* tableView静态cellTests.xctest */,
			);
			name = Products;
			sourceTree = "<group>";
		};
		C302C0091F9F300000880C98 /* tableView静态cell */ = {
			isa = PBXGroup;
			children = (
				C302C00A1F9F300100880C98 /* AppDelegate.h */,
				C302C00B1F9F300100880C98 /* AppDelegate.m */,
				C302C00D1F9F300200880C98 /* ViewController.h */,
				C302C00E1F9F300200880C98 /* ViewController.m */,
				C302C02E1F9F35EA00880C98 /* TableViewController.h */,
				C302C02F1F9F35EA00880C98 /* TableViewController.m */,
				C302C0101F9F300200880C98 /* Main.storyboard */,
				C302C0131F9F300300880C98 /* Assets.xcassets */,
				C302C0151F9F300300880C98 /* LaunchScreen.storyboard */,
				C302C0181F9F300300880C98 /* Info.plist */,
				C302C0191F9F300300880C98 /* main.m */,
			);
			path = "tableView静态cell";
			sourceTree = "<group>";
		};
		C302C0221F9F300300880C98 /* tableView静态cellTests */ = {
			isa = PBXGroup;
			children = (
				C302C0231F9F300400880C98 /* tableView__cellTests.m */,
				C302C0251F9F300400880C98 /* Info.plist */,
			);
			path = "tableView静态cellTests";
			sourceTree = "<group>";
		};
/* End PBXGroup section */

/* Begin PBXNativeTarget section */
		C302C0061F9F300000880C98 /* tableView静态cell */ = {
			isa = PBXNativeTarget;
			buildConfigurationList = C302C0281F9F300400880C98 /* Build configuration list for PBXNativeTarget "tableView静态cell" */;
			buildPhases = (
				C302C0031F9F300000880C98 /* Sources */,
				C302C0041F9F300000880C98 /* Frameworks */,
				C302C0051F9F300000880C98 /* Resources */,
			);
			buildRules = (
			);
			dependencies = (
			);
			name = "tableView静态cell";
			productName = "tableView静态cell";
			productReference = C302C0071F9F300000880C98 /* tableView静态cell.app */;
			productType = "com.apple.product-type.application";
		};
		C302C01E1F9F300300880C98 /* tableView静态cellTests */ = {
			isa = PBXNativeTarget;
			buildConfigurationList = C302C02B1F9F300400880C98 /* Build configuration list for PBXNativeTarget "tableView静态cellTests" */;
			buildPhases = (
				C302C01B1F9F300300880C98 /* Sources */,
				C302C01C1F9F300300880C98 /* Frameworks */,
				C302C01D1F9F300300880C98 /* Resources */,
			);
			buildRules = (
			);
			dependencies = (
				C302C0211F9F300300880C98 /* PBXTargetDependency */,
			);
			name = "tableView静态cellTests";
			productName = "tableView静态cellTests";
			productReference = C302C01F1F9F300300880C98 /* tableView静态cellTests.xctest */;
			productType = "com.apple.product-type.bundle.unit-test";
		};
/* End PBXNativeTarget section */

/* Begin PBXProject section */
		C302BFFF1F9F300000880C98 /* Project object */ = {
			isa = PBXProject;
			attributes = {
				LastUpgradeCheck = 0900;
				ORGANIZATIONNAME = "财富中国";
				TargetAttributes = {
					C302C0061F9F300000880C98 = {
						CreatedOnToolsVersion = 9.0;
						ProvisioningStyle = Automatic;
					};
					C302C01E1F9F300300880C98 = {
						CreatedOnToolsVersion = 9.0;
						ProvisioningStyle = Automatic;
						TestTargetID = C302C0061F9F300000880C98;
					};
				};
			};
			buildConfigurationList = C302C0021F9F300000880C98 /* Build configuration list for PBXProject "tableView静态cell" */;
			compatibilityVersion = "Xcode 8.0";
			developmentRegion = en;
			hasScannedForEncodings = 0;
			knownRegions = (
				en,
				Base,
			);
			mainGroup = C302BFFE1F9F300000880C98;
			productRefGroup = C302C0081F9F300000880C98 /* Products */;
			projectDirPath = "";
			projectRoot = "";
			targets = (
				C302C0061F9F300000880C98 /* tableView静态cell */,
				C302C01E1F9F300300880C98 /* tableView静态cellTests */,
			);
		};
/* End PBXProject section */

/* Begin PBXResourcesBuildPhase section */
		C302C0051F9F300000880C98 /* Resources */ = {
			isa = PBXResourcesBuildPhase;
			buildActionMask = 2147483647;
			files = (
				C302C0171F9F300300880C98 /* LaunchScreen.storyboard in Resources */,
				C302C0141F9F300300880C98 /* Assets.xcassets in Resources */,
				C302C0121F9F300200880C98 /* Main.storyboard in Resources */,
			);
			runOnlyForDeploymentPostprocessing = 0;
		};
		C302C01D1F9F300300880C98 /* Resources */ = {
			isa = PBXResourcesBuildPhase;
			buildActionMask = 2147483647;
			files = (
			);
			runOnlyForDeploymentPostprocessing = 0;
		};
/* End PBXResourcesBuildPhase section */

/* Begin PBXSourcesBuildPhase section */
		C302C0031F9F300000880C98 /* Sources */ = {
			isa = PBXSourcesBuildPhase;
			buildActionMask = 2147483647;
			files = (
				C302C00F1F9F300200880C98 /* ViewController.m in Sources */,
				C302C01A1F9F300300880C98 /* main.m in Sources */,
				C302C00C1F9F300100880C98 /* AppDelegate.m in Sources */,
				C302C0301F9F35EA00880C98 /* TableViewController.m in Sources */,
			);
			runOnlyForDeploymentPostprocessing = 0;
		};
		C302C01B1F9F300300880C98 /* Sources */ = {
			isa = PBXSourcesBuildPhase;
			buildActionMask = 2147483647;
			files = (
				C302C0241F9F300400880C98 /* tableView__cellTests.m in Sources */,
			);
			runOnlyForDeploymentPostprocessing = 0;
		};
/* End PBXSourcesBuildPhase section */

/* Begin PBXTargetDependency section */
		C302C0211F9F300300880C98 /* PBXTargetDependency */ = {
			isa = PBXTargetDependency;
			target = C302C0061F9F300000880C98 /* tableView静态cell */;
			targetProxy = C302C0201F9F300300880C98 /* PBXContainerItemProxy */;
		};
/* End PBXTargetDependency section */

/* Begin PBXVariantGroup section */
		C302C0101F9F300200880C98 /* Main.storyboard */ = {
			isa = PBXVariantGroup;
			children = (
				C302C0111F9F300200880C98 /* Base */,
			);
			name = Main.storyboard;
			sourceTree = "<group>";
		};
		C302C0151F9F300300880C98 /* LaunchScreen.storyboard */ = {
			isa = PBXVariantGroup;
			children = (
				C302C0161F9F300300880C98 /* Base */,
			);
			name = LaunchScreen.storyboard;
			sourceTree = "<group>";
		};
/* End PBXVariantGroup section */

/* Begin XCBuildConfiguration section */
		C302C0261F9F300400880C98 /* Debug */ = {
			isa = XCBuildConfiguration;
			buildSettings = {
				ALWAYS_SEARCH_USER_PATHS = NO;
				CLANG_ANALYZER_NONNULL = YES;
				CLANG_ANALYZER_NUMBER_OBJECT_CONVERSION = YES_AGGRESSIVE;
				CLANG_CXX_LANGUAGE_STANDARD = "gnu++14";
				CLANG_CXX_LIBRARY = "libc++";
				CLANG_ENABLE_MODULES = YES;
				CLANG_ENABLE_OBJC_ARC = YES;
				CLANG_WARN_BLOCK_CAPTURE_AUTORELEASING = YES;
				CLANG_WARN_BOOL_CONVERSION = YES;
				CLANG_WARN_COMMA = YES;
				CLANG_WARN_CONSTANT_CONVERSION = YES;
				CLANG_WARN_DIRECT_OBJC_ISA_USAGE = YES_ERROR;
				CLANG_WARN_DOCUMENTATION_COMMENTS = YES;
				CLANG_WARN_EMPTY_BODY = YES;
				CLANG_WARN_ENUM_CONVERSION = YES;
				CLANG_WARN_INFINITE_RECURSION = YES;
				CLANG_WARN_INT_CONVERSION = YES;
				CLANG_WARN_NON_LITERAL_NULL_CONVERSION = YES;
				CLANG_WARN_OBJC_LITERAL_CONVERSION = YES;
				CLANG_WARN_OBJC_ROOT_CLASS = YES_ERROR;
				CLANG_WARN_RANGE_LOOP_ANALYSIS = YES;
				CLANG_WARN_STRICT_PROTOTYPES = YES;
				CLANG_WARN_SUSPICIOUS_MOVE = YES;
				CLANG_WARN_UNGUARDED_AVAILABILITY = YES_AGGRESSIVE;
				CLANG_WARN_UNREACHABLE_CODE = YES;
				CLANG_WARN__DUPLICATE_METHOD_MATCH = YES;
				CODE_SIGN_IDENTITY = "iPhone Developer";
				COPY_PHASE_STRIP = NO;
				DEBUG_INFORMATION_FORMAT = dwarf;
				ENABLE_STRICT_OBJC_MSGSEND = YES;
				ENABLE_TESTABILITY = YES;
				GCC_C_LANGUAGE_STANDARD = gnu11;
				GCC_DYNAMIC_NO_PIC = NO;
				GCC_NO_COMMON_BLOCKS = YES;
				GCC_OPTIMIZATION_LEVEL = 0;
				GCC_PREPROCESSOR_DEFINITIONS = (
					"DEBUG=1",
					"$(inherited)",
				);
				GCC_WARN_64_TO_32_BIT_CONVERSION = YES;
				GCC_WARN_ABOUT_RETURN_TYPE = YES_ERROR;
				GCC_WARN_UNDECLARED_SELECTOR = YES;
				GCC_WARN_UNINITIALIZED_AUTOS = YES_AGGRESSIVE;
				GCC_WARN_UNUSED_FUNCTION = YES;
				GCC_WARN_UNUSED_VARIABLE = YES;
				IPHONEOS_DEPLOYMENT_TARGET = 11.0;
				MTL_ENABLE_DEBUG_INFO = YES;
				ONLY_ACTIVE_ARCH = YES;
				SDKROOT = iphoneos;
			};
			name = Debug;
		};
		C302C0271F9F300400880C98 /* Release */ = {
			isa = XCBuildConfiguration;
			buildSettings = {
				ALWAYS_SEARCH_USER_PATHS = NO;
				CLANG_ANALYZER_NONNULL = YES;
				CLANG_ANALYZER_NUMBER_OBJECT_CONVERSION = YES_AGGRESSIVE;
				CLANG_CXX_LANGUAGE_STANDARD = "gnu++14";
				CLANG_CXX_LIBRARY = "libc++";
				CLANG_ENABLE_MODULES = YES;
				CLANG_ENABLE_OBJC_ARC = YES;
				CLANG_WARN_BLOCK_CAPTURE_AUTORELEASING = YES;
				CLANG_WARN_BOOL_CONVERSION = YES;
				CLANG_WARN_COMMA = YES;
				CLANG_WARN_CONSTANT_CONVERSION = YES;
				CLANG_WARN_DIRECT_OBJC_ISA_USAGE = YES_ERROR;
				CLANG_WARN_DOCUMENTATION_COMMENTS = YES;
				CLANG_WARN_EMPTY_BODY = YES;
				CLANG_WARN_ENUM_CONVERSION = YES;
				CLANG_WARN_INFINITE_RECURSION = YES;
				CLANG_WARN_INT_CONVERSION = YES;
				CLANG_WARN_NON_LITERAL_NULL_CONVERSION = YES;
				CLANG_WARN_OBJC_LITERAL_CONVERSION = YES;
				CLANG_WARN_OBJC_ROOT_CLASS = YES_ERROR;
				CLANG_WARN_RANGE_LOOP_ANALYSIS = YES;
				CLANG_WARN_STRICT_PROTOTYPES = YES;
				CLANG_WARN_SUSPICIOUS_MOVE = YES;
				CLANG_WARN_UNGUARDED_AVAILABILITY = YES_AGGRESSIVE;
				CLANG_WARN_UNREACHABLE_CODE = YES;
				CLANG_WARN__DUPLICATE_METHOD_MATCH = YES;
				CODE_SIGN_IDENTITY = "iPhone Developer";
				COPY_PHASE_STRIP = NO;
				DEBUG_INFORMATION_FORMAT = "dwarf-with-dsym";
				ENABLE_NS_ASSERTIONS = NO;
				ENABLE_STRICT_OBJC_MSGSEND = YES;
				GCC_C_LANGUAGE_STANDARD = gnu11;
				GCC_NO_COMMON_BLOCKS = YES;
				GCC_WARN_64_TO_32_BIT_CONVERSION = YES;
				GCC_WARN_ABOUT_RETURN_TYPE = YES_ERROR;
				GCC_WARN_UNDECLARED_SELECTOR = YES;
				GCC_WARN_UNINITIALIZED_AUTOS = YES_AGGRESSIVE;
				GCC_WARN_UNUSED_FUNCTION = YES;
				GCC_WARN_UNUSED_VARIABLE = YES;
				IPHONEOS_DEPLOYMENT_TARGET = 11.0;
				MTL_ENABLE_DEBUG_INFO = NO;
				SDKROOT = iphoneos;
				VALIDATE_PRODUCT = YES;
			};
			name = Release;
		};
		C302C0291F9F300400880C98 /* Debug */ = {
			isa = XCBuildConfiguration;
			buildSettings = {
				ASSETCATALOG_COMPILER_APPICON_NAME = AppIcon;
				CODE_SIGN_STYLE = Automatic;
				DEVELOPMENT_TEAM = 8V6YYUS7E9;
				INFOPLIST_FILE = "tableView静态cell/Info.plist";
				LD_RUNPATH_SEARCH_PATHS = "$(inherited) @executable_path/Frameworks";
				PRODUCT_BUNDLE_IDENTIFIER = "com.cfbb.ios123.tableView--cell";
				PRODUCT_NAME = "$(TARGET_NAME)";
				TARGETED_DEVICE_FAMILY = "1,2";
			};
			name = Debug;
		};
		C302C02A1F9F300400880C98 /* Release */ = {
			isa = XCBuildConfiguration;
			buildSettings = {
				ASSETCATALOG_COMPILER_APPICON_NAME = AppIcon;
				CODE_SIGN_STYLE = Automatic;
				DEVELOPMENT_TEAM = 8V6YYUS7E9;
				INFOPLIST_FILE = "tableView静态cell/Info.plist";
				LD_RUNPATH_SEARCH_PATHS = "$(inherited) @executable_path/Frameworks";
				PRODUCT_BUNDLE_IDENTIFIER = "com.cfbb.ios123.tableView--cell";
				PRODUCT_NAME = "$(TARGET_NAME)";
				TARGETED_DEVICE_FAMILY = "1,2";
			};
			name = Release;
		};
		C302C02C1F9F300400880C98 /* Debug */ = {
			isa = XCBuildConfiguration;
			buildSettings = {
				BUNDLE_LOADER = "$(TEST_HOST)";
				CODE_SIGN_STYLE = Automatic;
				DEVELOPMENT_TEAM = 8V6YYUS7E9;
				INFOPLIST_FILE = "tableView静态cellTests/Info.plist";
				LD_RUNPATH_SEARCH_PATHS = "$(inherited) @executable_path/Frameworks @loader_path/Frameworks";
				PRODUCT_BUNDLE_IDENTIFIER = "com.cfbb.ios123.tableView--cellTests";
				PRODUCT_NAME = "$(TARGET_NAME)";
				TARGETED_DEVICE_FAMILY = "1,2";
				TEST_HOST = "$(BUILT_PRODUCTS_DIR)/tableView静态cell.app/tableView静态cell";
			};
			name = Debug;
		};
		C302C02D1F9F300400880C98 /* Release */ = {
			isa = XCBuildConfiguration;
			buildSettings = {
				BUNDLE_LOADER = "$(TEST_HOST)";
				CODE_SIGN_STYLE = Automatic;
				DEVELOPMENT_TEAM = 8V6YYUS7E9;
				INFOPLIST_FILE = "tableView静态cellTests/Info.plist";
				LD_RUNPATH_SEARCH_PATHS = "$(inherited) @executable_path/Frameworks @loader_path/Frameworks";
				PRODUCT_BUNDLE_IDENTIFIER = "com.cfbb.ios123.tableView--cellTests";
				PRODUCT_NAME = "$(TARGET_NAME)";
				TARGETED_DEVICE_FAMILY = "1,2";
				TEST_HOST = "$(BUILT_PRODUCTS_DIR)/tableView静态cell.app/tableView静态cell";
			};
			name = Release;
		};
/* End XCBuildConfiguration section */

/* Begin XCConfigurationList section */
		C302C0021F9F300000880C98 /* Build configuration list for PBXProject "tableView静态cell" */ = {
			isa = XCConfigurationList;
			buildConfigurations = (
				C302C0261F9F300400880C98 /* Debug */,
				C302C0271F9F300400880C98 /* Release */,
			);
			defaultConfigurationIsVisible = 0;
			defaultConfigurationName = Release;
		};
		C302C0281F9F300400880C98 /* Build configuration list for PBXNativeTarget "tableView静态cell" */ = {
			isa = XCConfigurationList;
			buildConfigurations = (
				C302C0291F9F300400880C98 /* Debug */,
				C302C02A1F9F300400880C98 /* Release */,
			);
			defaultConfigurationIsVisible = 0;
			defaultConfigurationName = Release;
		};
		C302C02B1F9F300400880C98 /* Build configuration list for PBXNativeTarget "tableView静态cellTests" */ = {
			isa = XCConfigurationList;
			buildConfigurations = (
				C302C02C1F9F300400880C98 /* Debug */,
				C302C02D1F9F300400880C98 /* Release */,
			);
			defaultConfigurationIsVisible = 0;
			defaultConfigurationName = Release;
		};
/* End XCConfigurationList section */
	};
	rootObject = C302BFFF1F9F300000880C98 /* Project object */;
}
